
Microsoft Visual Studio Solution File, Format Version 12.00
Project("{FAE04EC0-301F-11D3-BF4B-00C04F79EFBC}") = "Temp", "Temp\Temp.csproj", "{48857E97-A289-439C-AFA0-9781B9E3CB8F}"
EndProject
Project("{2150E333-8FDC-42A3-9474-1A3956D46DE8}") = "XUnit", "XUnit", "{9054A723-C2C2-487C-B6D8-6AEAB1676333}"
EndProject
Project("{FAE04EC0-301F-11D3-BF4B-00C04F79EFBC}") = "XUnitTest", "XUnitTest\XUnitTest.csproj", "{94FAAC16-FEB8-4C4E-B696-BC7E6CC63592}"
EndProject
Project("{2150E333-8FDC-42A3-9474-1A3956D46DE8}") = "MSTest", "MSTest", "{5F563AAA-CF2C-4FD7-AADE-E0518AA6F017}"
EndProject
Project("{FAE04EC0-301F-11D3-BF4B-00C04F79EFBC}") = "MSTest", "MSTest\MSTest.csproj", "{6414058D-44BF-497E-B48B-449CE917608C}"
EndProject
Project("{2150E333-8FDC-42A3-9474-1A3956D46DE8}") = "NUnit", "NUnit", "{3542983D-3536-4D43-9F5A-4D9833DA1082}"
EndProject
Project("{FAE04EC0-301F-11D3-BF4B-00C04F79EFBC}") = "NUnitTest", "NUnit\NUnitTest\NUnitTest.csproj", "{B28DDA3F-DD9C-4DE4-91C4-4C5F5211A227}"
EndProject
Global
	GlobalSection(SolutionConfigurationPlatforms) = preSolution
		Debug|Any CPU = Debug|Any CPU
		Release|Any CPU = Release|Any CPU
	EndGlobalSection
	GlobalSection(ProjectConfigurationPlatforms) = postSolution
		{48857E97-A289-439C-AFA0-9781B9E3CB8F}.Debug|Any CPU.ActiveCfg = Debug|Any CPU
		{48857E97-A289-439C-AFA0-9781B9E3CB8F}.Debug|Any CPU.Build.0 = Debug|Any CPU
		{48857E97-A289-439C-AFA0-9781B9E3CB8F}.Release|Any CPU.ActiveCfg = Release|Any CPU
		{48857E97-A289-439C-AFA0-9781B9E3CB8F}.Release|Any CPU.Build.0 = Release|Any CPU
		{94FAAC16-FEB8-4C4E-B696-BC7E6CC63592}.Debug|Any CPU.ActiveCfg = Debug|Any CPU
		{94FAAC16-FEB8-4C4E-B696-BC7E6CC63592}.Debug|Any CPU.Build.0 = Debug|Any CPU
		{94FAAC16-FEB8-4C4E-B696-BC7E6CC63592}.Release|Any CPU.ActiveCfg = Release|Any CPU
		{94FAAC16-FEB8-4C4E-B696-BC7E6CC63592}.Release|Any CPU.Build.0 = Release|Any CPU
		{6414058D-44BF-497E-B48B-449CE917608C}.Debug|Any CPU.ActiveCfg = Debug|Any CPU
		{6414058D-44BF-497E-B48B-449CE917608C}.Debug|Any CPU.Build.0 = Debug|Any CPU
		{6414058D-44BF-497E-B48B-449CE917608C}.Release|Any CPU.ActiveCfg = Release|Any CPU
		{6414058D-44BF-497E-B48B-449CE917608C}.Release|Any CPU.Build.0 = Release|Any CPU
		{B28DDA3F-DD9C-4DE4-91C4-4C5F5211A227}.Debug|Any CPU.ActiveCfg = Debug|Any CPU
		{B28DDA3F-DD9C-4DE4-91C4-4C5F5211A227}.Debug|Any CPU.Build.0 = Debug|Any CPU
		{B28DDA3F-DD9C-4DE4-91C4-4C5F5211A227}.Release|Any CPU.ActiveCfg = Release|Any CPU
		{B28DDA3F-DD9C-4DE4-91C4-4C5F5211A227}.Release|Any CPU.Build.0 = Release|Any CPU
	EndGlobalSection
	GlobalSection(NestedProjects) = preSolution
		{94FAAC16-FEB8-4C4E-B696-BC7E6CC63592} = {9054A723-C2C2-487C-B6D8-6AEAB1676333}
		{6414058D-44BF-497E-B48B-449CE917608C} = {5F563AAA-CF2C-4FD7-AADE-E0518AA6F017}
		{B28DDA3F-DD9C-4DE4-91C4-4C5F5211A227} = {3542983D-3536-4D43-9F5A-4D9833DA1082}
	EndGlobalSection
EndGlobal
